PODS:
  - ObjectiveDropboxOfficial (1.0.0)

DEPENDENCIES:
  - ObjectiveDropboxOfficial (from `../`)

EXTERNAL SOURCES:
  ObjectiveDropboxOfficial:
    :path: "../"

SPEC CHECKSUMS:
  ObjectiveDropboxOfficial: eef191f405dc80046f2426585fb8095f503958eb

PODFILE CHECKSUM: f29322558cd2eac301235c5411e8c6dba2a0ca9c

COCOAPODS: 1.0.1
