PODS:
  - ObjectiveDropboxOfficial (1.1.2)

DEPENDENCIES:
  - ObjectiveDropboxOfficial (from `../`)

EXTERNAL SOURCES:
  ObjectiveDropboxOfficial:
    :path: "../"

SPEC CHECKSUMS:
  ObjectiveDropboxOfficial: 06b05ba30f0068bf38a84ee6b0dcaed7e51b81d4

PODFILE CHECKSUM: f29322558cd2eac301235c5411e8c6dba2a0ca9c

COCOAPODS: 1.1.0.rc.2
