PODS:
  - ObjectiveDropboxOfficial (1.0.7)

DEPENDENCIES:
  - ObjectiveDropboxOfficial (from `../`)

EXTERNAL SOURCES:
  ObjectiveDropboxOfficial:
    :path: "../"

SPEC CHECKSUMS:
  ObjectiveDropboxOfficial: 4767d86c65df1a4a4e5bfe50479d8802f787bfc9

PODFILE CHECKSUM: f29322558cd2eac301235c5411e8c6dba2a0ca9c

COCOAPODS: 1.0.1
