<?xml version="1.0" encoding="UTF-8"?>
<Scheme
   LastUpgradeVersion = "1400"
   version = "1.3">
   <BuildAction
      parallelizeBuildables = "YES"
      buildImplicitDependencies = "YES">
      <BuildActionEntries>
         <BuildActionEntry
            buildForTesting = "YES"
            buildForRunning = "YES"
            buildForProfiling = "YES"
            buildForArchiving = "YES"
            buildForAnalyzing = "YES">
            <BuildableReference
               BuildableIdentifier = "primary"
               BlueprintIdentifier = "F23681511DEF647900D523C5"
               BuildableName = "TestObjectiveDropbox_macOS.app"
               BlueprintName = "TestObjectiveDropbox_macOS"
               ReferencedContainer = "container:TestObjectiveDropbox.xcodeproj">
            </BuildableReference>
         </BuildActionEntry>
      </BuildActionEntries>
   </BuildAction>
   <TestAction
      buildConfiguration = "Debug"
      selectedDebuggerIdentifier = "Xcode.DebuggerFoundation.Debugger.LLDB"
      selectedLauncherIdentifier = "Xcode.DebuggerFoundation.Launcher.LLDB"
      shouldUseLaunchSchemeArgsEnv = "NO">
      <MacroExpansion>
         <BuildableReference
            BuildableIdentifier = "primary"
            BlueprintIdentifier = "0C1FE64F2603031100D879BB"
            BuildableName = "TestObjectiveDropbox_macOSTests.xctest"
            BlueprintName = "TestObjectiveDropbox_macOSTests"
            ReferencedContainer = "container:TestObjectiveDropbox.xcodeproj">
         </BuildableReference>
      </MacroExpansion>
      <EnvironmentVariables>
         <EnvironmentVariable
            key = "FULL_DROPBOX_API_APP_KEY"
            value = "$(FULL_DROPBOX_API_APP_KEY)"
            isEnabled = "YES">
         </EnvironmentVariable>
         <EnvironmentVariable
            key = "NON_TEAM_MEMBER_EMAIL"
            value = "$(NON_TEAM_MEMBER_EMAIL)"
            isEnabled = "YES">
         </EnvironmentVariable>
         <EnvironmentVariable
            key = "REFRESH_TOKEN_ACCOUNT_ID"
            value = "$(REFRESH_TOKEN_ACCOUNT_ID)"
            isEnabled = "YES">
         </EnvironmentVariable>
         <EnvironmentVariable
            key = "ANY_OTHER_ACCOUNT_ID"
            value = "$(ANY_OTHER_ACCOUNT_ID)"
            isEnabled = "YES">
         </EnvironmentVariable>
         <EnvironmentVariable
            key = "NON_TEAM_MEMBER_ACCOUNT_ID"
            value = "$(NON_TEAM_MEMBER_ACCOUNT_ID)"
            isEnabled = "YES">
         </EnvironmentVariable>
         <EnvironmentVariable
            key = "TEAM_MEMBER_EMAIL"
            value = "$(TEAM_MEMBER_EMAIL)"
            isEnabled = "YES">
         </EnvironmentVariable>
         <EnvironmentVariable
            key = "FULL_DROPBOX_TESTER_TEAM_REFRESH_TOKEN"
            value = "$(FULL_DROPBOX_TESTER_TEAM_REFRESH_TOKEN)"
            isEnabled = "YES">
         </EnvironmentVariable>
         <EnvironmentVariable
            key = "FULL_DROPBOX_TESTER_USER_REFRESH_TOKEN"
            value = "$(FULL_DROPBOX_TESTER_USER_REFRESH_TOKEN)"
            isEnabled = "YES">
         </EnvironmentVariable>
      </EnvironmentVariables>
      <Testables>
         <TestableReference
            skipped = "NO">
            <BuildableReference
               BuildableIdentifier = "primary"
               BlueprintIdentifier = "0C1FE64F2603031100D879BB"
               BuildableName = "TestObjectiveDropbox_macOSTests.xctest"
               BlueprintName = "TestObjectiveDropbox_macOSTests"
               ReferencedContainer = "container:TestObjectiveDropbox.xcodeproj">
            </BuildableReference>
         </TestableReference>
      </Testables>
   </TestAction>
   <LaunchAction
      buildConfiguration = "Debug"
      selectedDebuggerIdentifier = "Xcode.DebuggerFoundation.Debugger.LLDB"
      selectedLauncherIdentifier = "Xcode.DebuggerFoundation.Launcher.LLDB"
      launchStyle = "0"
      useCustomWorkingDirectory = "NO"
      ignoresPersistentStateOnLaunch = "NO"
      debugDocumentVersioning = "YES"
      debugServiceExtension = "internal"
      allowLocationSimulation = "YES">
      <BuildableProductRunnable
         runnableDebuggingMode = "0">
         <BuildableReference
            BuildableIdentifier = "primary"
            BlueprintIdentifier = "F23681511DEF647900D523C5"
            BuildableName = "TestObjectiveDropbox_macOS.app"
            BlueprintName = "TestObjectiveDropbox_macOS"
            ReferencedContainer = "container:TestObjectiveDropbox.xcodeproj">
         </BuildableReference>
      </BuildableProductRunnable>
   </LaunchAction>
   <ProfileAction
      buildConfiguration = "Release"
      shouldUseLaunchSchemeArgsEnv = "YES"
      savedToolIdentifier = ""
      useCustomWorkingDirectory = "NO"
      debugDocumentVersioning = "YES">
      <BuildableProductRunnable
         runnableDebuggingMode = "0">
         <BuildableReference
            BuildableIdentifier = "primary"
            BlueprintIdentifier = "F23681511DEF647900D523C5"
            BuildableName = "TestObjectiveDropbox_macOS.app"
            BlueprintName = "TestObjectiveDropbox_macOS"
            ReferencedContainer = "container:TestObjectiveDropbox.xcodeproj">
         </BuildableReference>
      </BuildableProductRunnable>
   </ProfileAction>
   <AnalyzeAction
      buildConfiguration = "Debug">
   </AnalyzeAction>
   <ArchiveAction
      buildConfiguration = "Release"
      revealArchiveInOrganizer = "YES">
   </ArchiveAction>
</Scheme>
