PODS:
  - ObjectiveDropboxOfficial (3.9.3)

DEPENDENCIES:
  - ObjectiveDropboxOfficial

SPEC REPOS:
  https://github.com/cocoapods/specs.git:
    - ObjectiveDropboxOfficial

SPEC CHECKSUMS:
  ObjectiveDropboxOfficial: 2885c5a88b3b75e5a902f7cd1d118c957e0d0cd4

PODFILE CHECKSUM: 4d2f0f91f48989221c9f8ec5525875a7a6320274

COCOAPODS: 1.5.3
