PODS:
  - ObjectiveDropboxOfficial (6.3.2)

DEPENDENCIES:
  - ObjectiveDropboxOfficial

SPEC REPOS:
  trunk:
    - ObjectiveDropboxOfficial

SPEC CHECKSUMS:
  ObjectiveDropboxOfficial: 1b9ca679750487f770fda3f38c106d6e17fe2d73

PODFILE CHECKSUM: 4d2f0f91f48989221c9f8ec5525875a7a6320274

COCOAPODS: 1.11.3
