PODS:
  - ObjectiveDropboxOfficial (1.0.0)

DEPENDENCIES:
  - ObjectiveDropboxOfficial (from `../`)

EXTERNAL SOURCES:
  ObjectiveDropboxOfficial:
    :path: "../"

SPEC CHECKSUMS:
  ObjectiveDropboxOfficial: 1fe53cc7348b71075351e980552c2293f860e855

PODFILE CHECKSUM: 728af4f905b1e6e12a730914f9057dc78d3faaaa

COCOAPODS: 1.0.1
