// !$*UTF8*$!
{
	archiveVersion = 1;
	classes = {
	};
	objectVersion = 46;
	objects = {

/* Begin PBXBuildFile section */
		F26075BB1D7F5ECA00632951 /* main.m in Sources */ = {isa = PBXBuildFile; fileRef = F26075BA1D7F5ECA00632951 /* main.m */; };
		F26075BE1D7F5ECA00632951 /* AppDelegate.m in Sources */ = {isa = PBXBuildFile; fileRef = F26075BD1D7F5ECA00632951 /* AppDelegate.m */; };
		F26075C11D7F5ECA00632951 /* ViewController.m in Sources */ = {isa = PBXBuildFile; fileRef = F26075C01D7F5ECA00632951 /* ViewController.m */; };
		F26075C41D7F5ECA00632951 /* Main.storyboard in Resources */ = {isa = PBXBuildFile; fileRef = F26075C21D7F5ECA00632951 /* Main.storyboard */; };
		F26075C61D7F5ECA00632951 /* Assets.xcassets in Resources */ = {isa = PBXBuildFile; fileRef = F26075C51D7F5ECA00632951 /* Assets.xcassets */; };
		F26075C91D7F5ECA00632951 /* LaunchScreen.storyboard in Resources */ = {isa = PBXBuildFile; fileRef = F26075C71D7F5ECA00632951 /* LaunchScreen.storyboard */; };
/* End PBXBuildFile section */

/* Begin PBXFileReference section */
		F26075B61D7F5ECA00632951 /* DBRoulette_Carthage.app */ = {isa = PBXFileReference; explicitFileType = wrapper.application; includeInIndex = 0; path = DBRoulette_Carthage.app; sourceTree = BUILT_PRODUCTS_DIR; };
		F26075BA1D7F5ECA00632951 /* main.m */ = {isa = PBXFileReference; lastKnownFileType = sourcecode.c.objc; path = main.m; sourceTree = "<group>"; };
		F26075BC1D7F5ECA00632951 /* AppDelegate.h */ = {isa = PBXFileReference; lastKnownFileType = sourcecode.c.h; path = AppDelegate.h; sourceTree = "<group>"; };
		F26075BD1D7F5ECA00632951 /* AppDelegate.m */ = {isa = PBXFileReference; lastKnownFileType = sourcecode.c.objc; path = AppDelegate.m; sourceTree = "<group>"; };
		F26075BF1D7F5ECA00632951 /* ViewController.h */ = {isa = PBXFileReference; lastKnownFileType = sourcecode.c.h; path = ViewController.h; sourceTree = "<group>"; };
		F26075C01D7F5ECA00632951 /* ViewController.m */ = {isa = PBXFileReference; lastKnownFileType = sourcecode.c.objc; path = ViewController.m; sourceTree = "<group>"; };
		F26075C31D7F5ECA00632951 /* Base */ = {isa = PBXFileReference; lastKnownFileType = file.storyboard; name = Base; path = Base.lproj/Main.storyboard; sourceTree = "<group>"; };
		F26075C51D7F5ECA00632951 /* Assets.xcassets */ = {isa = PBXFileReference; lastKnownFileType = folder.assetcatalog; path = Assets.xcassets; sourceTree = "<group>"; };
		F26075C81D7F5ECA00632951 /* Base */ = {isa = PBXFileReference; lastKnownFileType = file.storyboard; name = Base; path = Base.lproj/LaunchScreen.storyboard; sourceTree = "<group>"; };
		F26075CA1D7F5ECA00632951 /* Info.plist */ = {isa = PBXFileReference; lastKnownFileType = text.plist.xml; path = Info.plist; sourceTree = "<group>"; };
/* End PBXFileReference section */

/* Begin PBXFrameworksBuildPhase section */
		F26075B31D7F5ECA00632951 /* Frameworks */ = {
			isa = PBXFrameworksBuildPhase;
			buildActionMask = 2147483647;
			files = (
			);
			runOnlyForDeploymentPostprocessing = 0;
		};
/* End PBXFrameworksBuildPhase section */

/* Begin PBXGroup section */
		F26075AD1D7F5ECA00632951 = {
			isa = PBXGroup;
			children = (
				F26075B81D7F5ECA00632951 /* DBRoulette_Carthage */,
				F26075B71D7F5ECA00632951 /* Products */,
			);
			sourceTree = "<group>";
		};
		F26075B71D7F5ECA00632951 /* Products */ = {
			isa = PBXGroup;
			children = (
				F26075B61D7F5ECA00632951 /* DBRoulette_Carthage.app */,
			);
			name = Products;
			sourceTree = "<group>";
		};
		F26075B81D7F5ECA00632951 /* DBRoulette_Carthage */ = {
			isa = PBXGroup;
			children = (
				F26075BC1D7F5ECA00632951 /* AppDelegate.h */,
				F26075BD1D7F5ECA00632951 /* AppDelegate.m */,
				F26075BF1D7F5ECA00632951 /* ViewController.h */,
				F26075C01D7F5ECA00632951 /* ViewController.m */,
				F26075C21D7F5ECA00632951 /* Main.storyboard */,
				F26075C51D7F5ECA00632951 /* Assets.xcassets */,
				F26075C71D7F5ECA00632951 /* LaunchScreen.storyboard */,
				F26075CA1D7F5ECA00632951 /* Info.plist */,
				F26075B91D7F5ECA00632951 /* Supporting Files */,
			);
			path = DBRoulette_Carthage;
			sourceTree = "<group>";
		};
		F26075B91D7F5ECA00632951 /* Supporting Files */ = {
			isa = PBXGroup;
			children = (
				F26075BA1D7F5ECA00632951 /* main.m */,
			);
			name = "Supporting Files";
			sourceTree = "<group>";
		};
/* End PBXGroup section */

/* Begin PBXNativeTarget section */
		F26075B51D7F5ECA00632951 /* DBRoulette_Carthage */ = {
			isa = PBXNativeTarget;
			buildConfigurationList = F26075CD1D7F5ECA00632951 /* Build configuration list for PBXNativeTarget "DBRoulette_Carthage" */;
			buildPhases = (
				F26075B21D7F5ECA00632951 /* Sources */,
				F26075B31D7F5ECA00632951 /* Frameworks */,
				F26075B41D7F5ECA00632951 /* Resources */,
				F27897A21D7F909F00A42C87 /* ShellScript */,
			);
			buildRules = (
			);
			dependencies = (
			);
			name = DBRoulette_Carthage;
			productName = DBRoulette_Carthage;
			productReference = F26075B61D7F5ECA00632951 /* DBRoulette_Carthage.app */;
			productType = "com.apple.product-type.application";
		};
/* End PBXNativeTarget section */

/* Begin PBXProject section */
		F26075AE1D7F5ECA00632951 /* Project object */ = {
			isa = PBXProject;
			attributes = {
				LastUpgradeCheck = 0730;
				ORGANIZATIONNAME = Dropbox;
				TargetAttributes = {
					F26075B51D7F5ECA00632951 = {
						CreatedOnToolsVersion = 7.3.1;
					};
				};
			};
			buildConfigurationList = F26075B11D7F5ECA00632951 /* Build configuration list for PBXProject "DBRoulette_Carthage" */;
			compatibilityVersion = "Xcode 3.2";
			developmentRegion = English;
			hasScannedForEncodings = 0;
			knownRegions = (
				en,
				Base,
			);
			mainGroup = F26075AD1D7F5ECA00632951;
			productRefGroup = F26075B71D7F5ECA00632951 /* Products */;
			projectDirPath = "";
			projectRoot = "";
			targets = (
				F26075B51D7F5ECA00632951 /* DBRoulette_Carthage */,
			);
		};
/* End PBXProject section */

/* Begin PBXResourcesBuildPhase section */
		F26075B41D7F5ECA00632951 /* Resources */ = {
			isa = PBXResourcesBuildPhase;
			buildActionMask = 2147483647;
			files = (
				F26075C91D7F5ECA00632951 /* LaunchScreen.storyboard in Resources */,
				F26075C61D7F5ECA00632951 /* Assets.xcassets in Resources */,
				F26075C41D7F5ECA00632951 /* Main.storyboard in Resources */,
			);
			runOnlyForDeploymentPostprocessing = 0;
		};
/* End PBXResourcesBuildPhase section */

/* Begin PBXShellScriptBuildPhase section */
		F27897A21D7F909F00A42C87 /* ShellScript */ = {
			isa = PBXShellScriptBuildPhase;
			buildActionMask = 2147483647;
			files = (
			);
			inputPaths = (
				"$(SRCROOT)/Carthage/Build/iOS/ObjectiveDropboxOfficial.framework",
			);
			outputPaths = (
			);
			runOnlyForDeploymentPostprocessing = 0;
			shellPath = /bin/sh;
			shellScript = "/usr/local/bin/carthage copy-frameworks\n";
		};
/* End PBXShellScriptBuildPhase section */

/* Begin PBXSourcesBuildPhase section */
		F26075B21D7F5ECA00632951 /* Sources */ = {
			isa = PBXSourcesBuildPhase;
			buildActionMask = 2147483647;
			files = (
				F26075C11D7F5ECA00632951 /* ViewController.m in Sources */,
				F26075BE1D7F5ECA00632951 /* AppDelegate.m in Sources */,
				F26075BB1D7F5ECA00632951 /* main.m in Sources */,
			);
			runOnlyForDeploymentPostprocessing = 0;
		};
/* End PBXSourcesBuildPhase section */

/* Begin PBXVariantGroup section */
		F26075C21D7F5ECA00632951 /* Main.storyboard */ = {
			isa = PBXVariantGroup;
			children = (
				F26075C31D7F5ECA00632951 /* Base */,
			);
			name = Main.storyboard;
			sourceTree = "<group>";
		};
		F26075C71D7F5ECA00632951 /* LaunchScreen.storyboard */ = {
			isa = PBXVariantGroup;
			children = (
				F26075C81D7F5ECA00632951 /* Base */,
			);
			name = LaunchScreen.storyboard;
			sourceTree = "<group>";
		};
/* End PBXVariantGroup section */

/* Begin XCBuildConfiguration section */
		F26075CB1D7F5ECA00632951 /* Debug */ = {
			isa = XCBuildConfiguration;
			buildSettings = {
				ALWAYS_SEARCH_USER_PATHS = NO;
				CLANG_ANALYZER_NONNULL = YES;
				CLANG_CXX_LANGUAGE_STANDARD = "gnu++0x";
				CLANG_CXX_LIBRARY = "libc++";
				CLANG_ENABLE_MODULES = YES;
				CLANG_ENABLE_OBJC_ARC = YES;
				CLANG_WARN_BOOL_CONVERSION = YES;
				CLANG_WARN_CONSTANT_CONVERSION = YES;
				CLANG_WARN_DIRECT_OBJC_ISA_USAGE = YES_ERROR;
				CLANG_WARN_EMPTY_BODY = YES;
				CLANG_WARN_ENUM_CONVERSION = YES;
				CLANG_WARN_INT_CONVERSION = YES;
				CLANG_WARN_OBJC_ROOT_CLASS = YES_ERROR;
				CLANG_WARN_UNREACHABLE_CODE = YES;
				CLANG_WARN__DUPLICATE_METHOD_MATCH = YES;
				"CODE_SIGN_IDENTITY[sdk=iphoneos*]" = "iPhone Developer";
				COPY_PHASE_STRIP = NO;
				DEBUG_INFORMATION_FORMAT = dwarf;
				ENABLE_STRICT_OBJC_MSGSEND = YES;
				ENABLE_TESTABILITY = YES;
				GCC_C_LANGUAGE_STANDARD = gnu99;
				GCC_DYNAMIC_NO_PIC = NO;
				GCC_NO_COMMON_BLOCKS = YES;
				GCC_OPTIMIZATION_LEVEL = 0;
				GCC_PREPROCESSOR_DEFINITIONS = (
					"DEBUG=1",
					"$(inherited)",
				);
				GCC_WARN_64_TO_32_BIT_CONVERSION = YES;
				GCC_WARN_ABOUT_RETURN_TYPE = YES_ERROR;
				GCC_WARN_UNDECLARED_SELECTOR = YES;
				GCC_WARN_UNINITIALIZED_AUTOS = YES_AGGRESSIVE;
				GCC_WARN_UNUSED_FUNCTION = YES;
				GCC_WARN_UNUSED_VARIABLE = YES;
				IPHONEOS_DEPLOYMENT_TARGET = 9.3;
				MTL_ENABLE_DEBUG_INFO = YES;
				ONLY_ACTIVE_ARCH = YES;
				SDKROOT = iphoneos;
				TARGETED_DEVICE_FAMILY = "1,2";
			};
			name = Debug;
		};
		F26075CC1D7F5ECA00632951 /* Release */ = {
			isa = XCBuildConfiguration;
			buildSettings = {
				ALWAYS_SEARCH_USER_PATHS = NO;
				CLANG_ANALYZER_NONNULL = YES;
				CLANG_CXX_LANGUAGE_STANDARD = "gnu++0x";
				CLANG_CXX_LIBRARY = "libc++";
				CLANG_ENABLE_MODULES = YES;
				CLANG_ENABLE_OBJC_ARC = YES;
				CLANG_WARN_BOOL_CONVERSION = YES;
				CLANG_WARN_CONSTANT_CONVERSION = YES;
				CLANG_WARN_DIRECT_OBJC_ISA_USAGE = YES_ERROR;
				CLANG_WARN_EMPTY_BODY = YES;
				CLANG_WARN_ENUM_CONVERSION = YES;
				CLANG_WARN_INT_CONVERSION = YES;
				CLANG_WARN_OBJC_ROOT_CLASS = YES_ERROR;
				CLANG_WARN_UNREACHABLE_CODE = YES;
				CLANG_WARN__DUPLICATE_METHOD_MATCH = YES;
				"CODE_SIGN_IDENTITY[sdk=iphoneos*]" = "iPhone Developer";
				COPY_PHASE_STRIP = NO;
				DEBUG_INFORMATION_FORMAT = "dwarf-with-dsym";
				ENABLE_NS_ASSERTIONS = NO;
				ENABLE_STRICT_OBJC_MSGSEND = YES;
				GCC_C_LANGUAGE_STANDARD = gnu99;
				GCC_NO_COMMON_BLOCKS = YES;
				GCC_WARN_64_TO_32_BIT_CONVERSION = YES;
				GCC_WARN_ABOUT_RETURN_TYPE = YES_ERROR;
				GCC_WARN_UNDECLARED_SELECTOR = YES;
				GCC_WARN_UNINITIALIZED_AUTOS = YES_AGGRESSIVE;
				GCC_WARN_UNUSED_FUNCTION = YES;
				GCC_WARN_UNUSED_VARIABLE = YES;
				IPHONEOS_DEPLOYMENT_TARGET = 9.3;
				MTL_ENABLE_DEBUG_INFO = NO;
				SDKROOT = iphoneos;
				TARGETED_DEVICE_FAMILY = "1,2";
				VALIDATE_PRODUCT = YES;
			};
			name = Release;
		};
		F26075CE1D7F5ECA00632951 /* Debug */ = {
			isa = XCBuildConfiguration;
			buildSettings = {
				ASSETCATALOG_COMPILER_APPICON_NAME = AppIcon;
				FRAMEWORK_SEARCH_PATHS = (
					"$(inherited)",
					"$(PROJECT_DIR)/Carthage/Build/iOS",
				);
				INFOPLIST_FILE = DBRoulette_Carthage/Info.plist;
				LD_RUNPATH_SEARCH_PATHS = "$(inherited) @executable_path/Frameworks";
				PRODUCT_BUNDLE_IDENTIFIER = "com.dropbox.DBRoulette-Carthage";
				PRODUCT_NAME = "$(TARGET_NAME)";
			};
			name = Debug;
		};
		F26075CF1D7F5ECA00632951 /* Release */ = {
			isa = XCBuildConfiguration;
			buildSettings = {
				ASSETCATALOG_COMPILER_APPICON_NAME = AppIcon;
				FRAMEWORK_SEARCH_PATHS = (
					"$(inherited)",
					"$(PROJECT_DIR)/Carthage/Build/iOS",
				);
				INFOPLIST_FILE = DBRoulette_Carthage/Info.plist;
				LD_RUNPATH_SEARCH_PATHS = "$(inherited) @executable_path/Frameworks";
				PRODUCT_BUNDLE_IDENTIFIER = "com.dropbox.DBRoulette-Carthage";
				PRODUCT_NAME = "$(TARGET_NAME)";
			};
			name = Release;
		};
/* End XCBuildConfiguration section */

/* Begin XCConfigurationList section */
		F26075B11D7F5ECA00632951 /* Build configuration list for PBXProject "DBRoulette_Carthage" */ = {
			isa = XCConfigurationList;
			buildConfigurations = (
				F26075CB1D7F5ECA00632951 /* Debug */,
				F26075CC1D7F5ECA00632951 /* Release */,
			);
			defaultConfigurationIsVisible = 0;
			defaultConfigurationName = Release;
		};
		F26075CD1D7F5ECA00632951 /* Build configuration list for PBXNativeTarget "DBRoulette_Carthage" */ = {
			isa = XCConfigurationList;
			buildConfigurations = (
				F26075CE1D7F5ECA00632951 /* Debug */,
				F26075CF1D7F5ECA00632951 /* Release */,
			);
			defaultConfigurationIsVisible = 0;
			defaultConfigurationName = Release;
		};
/* End XCConfigurationList section */
	};
	rootObject = F26075AE1D7F5ECA00632951 /* Project object */;
}
