// !$*UTF8*$!
{
	archiveVersion = 1;
	classes = {
	};
	objectVersion = 46;
	objects = {

/* Begin PBXBuildFile section */
		F2350E001D88B64D00BC3308 /* main.m in Sources */ = {isa = PBXBuildFile; fileRef = F2350DFF1D88B64D00BC3308 /* main.m */; };
		F2350E031D88B64D00BC3308 /* AppDelegate.m in Sources */ = {isa = PBXBuildFile; fileRef = F2350E021D88B64D00BC3308 /* AppDelegate.m */; };
		F2350E061D88B64D00BC3308 /* ViewController.m in Sources */ = {isa = PBXBuildFile; fileRef = F2350E051D88B64D00BC3308 /* ViewController.m */; };
		F2350E091D88B64D00BC3308 /* Main.storyboard in Resources */ = {isa = PBXBuildFile; fileRef = F2350E071D88B64D00BC3308 /* Main.storyboard */; };
		F2350E0B1D88B64E00BC3308 /* Assets.xcassets in Resources */ = {isa = PBXBuildFile; fileRef = F2350E0A1D88B64E00BC3308 /* Assets.xcassets */; };
		F2350E0E1D88B64E00BC3308 /* LaunchScreen.storyboard in Resources */ = {isa = PBXBuildFile; fileRef = F2350E0C1D88B64E00BC3308 /* LaunchScreen.storyboard */; };
		F2350E251D88B70A00BC3308 /* PhotoViewController.m in Sources */ = {isa = PBXBuildFile; fileRef = F2350E241D88B70A00BC3308 /* PhotoViewController.m */; };
		F23B85F21D9323CF0059439A /* ObjectiveDropboxOfficial.framework in Frameworks */ = {isa = PBXBuildFile; fileRef = F23B85EF1D9323C60059439A /* ObjectiveDropboxOfficial.framework */; };
/* End PBXBuildFile section */

/* Begin PBXContainerItemProxy section */
		F23B85EE1D9323C60059439A /* PBXContainerItemProxy */ = {
			isa = PBXContainerItemProxy;
			containerPortal = F23B85E91D9323C60059439A /* ObjectiveDropboxOfficial.xcodeproj */;
			proxyType = 2;
			remoteGlobalIDString = F26B75751D7F6AF700714F70;
			remoteInfo = "ObjectiveDropboxOfficial iOS";
		};
		F23B85F01D9323C60059439A /* PBXContainerItemProxy */ = {
			isa = PBXContainerItemProxy;
			containerPortal = F23B85E91D9323C60059439A /* ObjectiveDropboxOfficial.xcodeproj */;
			proxyType = 2;
			remoteGlobalIDString = F27DE9E21D7FF909003B1CEE;
			remoteInfo = "ObjectiveDropboxOfficial macOS";
		};
/* End PBXContainerItemProxy section */

/* Begin PBXCopyFilesBuildPhase section */
		F2350E221D88B68600BC3308 /* Embed Frameworks */ = {
			isa = PBXCopyFilesBuildPhase;
			buildActionMask = 2147483647;
			dstPath = "";
			dstSubfolderSpec = 10;
			files = (
			);
			name = "Embed Frameworks";
			runOnlyForDeploymentPostprocessing = 0;
		};
/* End PBXCopyFilesBuildPhase section */

/* Begin PBXFileReference section */
		F2350DFB1D88B64D00BC3308 /* DBRoulette.app */ = {isa = PBXFileReference; explicitFileType = wrapper.application; includeInIndex = 0; path = DBRoulette.app; sourceTree = BUILT_PRODUCTS_DIR; };
		F2350DFF1D88B64D00BC3308 /* main.m */ = {isa = PBXFileReference; lastKnownFileType = sourcecode.c.objc; path = main.m; sourceTree = "<group>"; };
		F2350E011D88B64D00BC3308 /* AppDelegate.h */ = {isa = PBXFileReference; lastKnownFileType = sourcecode.c.h; path = AppDelegate.h; sourceTree = "<group>"; };
		F2350E021D88B64D00BC3308 /* AppDelegate.m */ = {isa = PBXFileReference; lastKnownFileType = sourcecode.c.objc; path = AppDelegate.m; sourceTree = "<group>"; };
		F2350E041D88B64D00BC3308 /* ViewController.h */ = {isa = PBXFileReference; lastKnownFileType = sourcecode.c.h; path = ViewController.h; sourceTree = "<group>"; };
		F2350E051D88B64D00BC3308 /* ViewController.m */ = {isa = PBXFileReference; lastKnownFileType = sourcecode.c.objc; path = ViewController.m; sourceTree = "<group>"; };
		F2350E081D88B64D00BC3308 /* Base */ = {isa = PBXFileReference; lastKnownFileType = file.storyboard; name = Base; path = Base.lproj/Main.storyboard; sourceTree = "<group>"; };
		F2350E0A1D88B64E00BC3308 /* Assets.xcassets */ = {isa = PBXFileReference; lastKnownFileType = folder.assetcatalog; path = Assets.xcassets; sourceTree = "<group>"; };
		F2350E0D1D88B64E00BC3308 /* Base */ = {isa = PBXFileReference; lastKnownFileType = file.storyboard; name = Base; path = Base.lproj/LaunchScreen.storyboard; sourceTree = "<group>"; };
		F2350E0F1D88B64E00BC3308 /* Info.plist */ = {isa = PBXFileReference; lastKnownFileType = text.plist.xml; path = Info.plist; sourceTree = "<group>"; };
		F2350E231D88B6F600BC3308 /* PhotoViewController.h */ = {isa = PBXFileReference; lastKnownFileType = sourcecode.c.h; path = PhotoViewController.h; sourceTree = "<group>"; };
		F2350E241D88B70A00BC3308 /* PhotoViewController.m */ = {isa = PBXFileReference; fileEncoding = 4; lastKnownFileType = sourcecode.c.objc; path = PhotoViewController.m; sourceTree = "<group>"; };
		F23B85E91D9323C60059439A /* ObjectiveDropboxOfficial.xcodeproj */ = {isa = PBXFileReference; lastKnownFileType = "wrapper.pb-project"; name = ObjectiveDropboxOfficial.xcodeproj; path = "Carthage/Checkouts/dropbox-sdk-obj-c/Source/ObjectiveDropboxOfficial/ObjectiveDropboxOfficial.xcodeproj"; sourceTree = "<group>"; };
/* End PBXFileReference section */

/* Begin PBXFrameworksBuildPhase section */
		F2350DF81D88B64D00BC3308 /* Frameworks */ = {
			isa = PBXFrameworksBuildPhase;
			buildActionMask = 2147483647;
			files = (
				F23B85F21D9323CF0059439A /* ObjectiveDropboxOfficial.framework in Frameworks */,
			);
			runOnlyForDeploymentPostprocessing = 0;
		};
/* End PBXFrameworksBuildPhase section */

/* Begin PBXGroup section */
		F2350DF21D88B64D00BC3308 = {
			isa = PBXGroup;
			children = (
				F23B85E91D9323C60059439A /* ObjectiveDropboxOfficial.xcodeproj */,
				F2350DFD1D88B64D00BC3308 /* DBRoulette */,
				F2350DFC1D88B64D00BC3308 /* Products */,
			);
			sourceTree = "<group>";
		};
		F2350DFC1D88B64D00BC3308 /* Products */ = {
			isa = PBXGroup;
			children = (
				F2350DFB1D88B64D00BC3308 /* DBRoulette.app */,
			);
			name = Products;
			sourceTree = "<group>";
		};
		F2350DFD1D88B64D00BC3308 /* DBRoulette */ = {
			isa = PBXGroup;
			children = (
				F2350E011D88B64D00BC3308 /* AppDelegate.h */,
				F2350E021D88B64D00BC3308 /* AppDelegate.m */,
				F2350E041D88B64D00BC3308 /* ViewController.h */,
				F2350E051D88B64D00BC3308 /* ViewController.m */,
				F2350E231D88B6F600BC3308 /* PhotoViewController.h */,
				F2350E241D88B70A00BC3308 /* PhotoViewController.m */,
				F2350E071D88B64D00BC3308 /* Main.storyboard */,
				F2350E0A1D88B64E00BC3308 /* Assets.xcassets */,
				F2350E0C1D88B64E00BC3308 /* LaunchScreen.storyboard */,
				F2350E0F1D88B64E00BC3308 /* Info.plist */,
				F2350DFE1D88B64D00BC3308 /* Supporting Files */,
			);
			path = DBRoulette;
			sourceTree = "<group>";
		};
		F2350DFE1D88B64D00BC3308 /* Supporting Files */ = {
			isa = PBXGroup;
			children = (
				F2350DFF1D88B64D00BC3308 /* main.m */,
			);
			name = "Supporting Files";
			sourceTree = "<group>";
		};
		F23B85EA1D9323C60059439A /* Products */ = {
			isa = PBXGroup;
			children = (
				F23B85EF1D9323C60059439A /* ObjectiveDropboxOfficial.framework */,
				F23B85F11D9323C60059439A /* ObjectiveDropboxOfficial.framework */,
			);
			name = Products;
			sourceTree = "<group>";
		};
/* End PBXGroup section */

/* Begin PBXNativeTarget section */
		F2350DFA1D88B64D00BC3308 /* DBRoulette */ = {
			isa = PBXNativeTarget;
			buildConfigurationList = F2350E121D88B64E00BC3308 /* Build configuration list for PBXNativeTarget "DBRoulette" */;
			buildPhases = (
				F2350DF71D88B64D00BC3308 /* Sources */,
				F2350DF81D88B64D00BC3308 /* Frameworks */,
				F2350DF91D88B64D00BC3308 /* Resources */,
				F2350E221D88B68600BC3308 /* Embed Frameworks */,
				F23B85F31D9323E30059439A /* ShellScript */,
			);
			buildRules = (
			);
			dependencies = (
			);
			name = DBRoulette;
			productName = DBRoulette;
			productReference = F2350DFB1D88B64D00BC3308 /* DBRoulette.app */;
			productType = "com.apple.product-type.application";
		};
/* End PBXNativeTarget section */

/* Begin PBXProject section */
		F2350DF31D88B64D00BC3308 /* Project object */ = {
			isa = PBXProject;
			attributes = {
				LastUpgradeCheck = 0800;
				ORGANIZATIONNAME = Dropbox;
				TargetAttributes = {
					F2350DFA1D88B64D00BC3308 = {
						CreatedOnToolsVersion = 7.3.1;
					};
				};
			};
			buildConfigurationList = F2350DF61D88B64D00BC3308 /* Build configuration list for PBXProject "DBRoulette" */;
			compatibilityVersion = "Xcode 3.2";
			developmentRegion = English;
			hasScannedForEncodings = 0;
			knownRegions = (
				en,
				Base,
			);
			mainGroup = F2350DF21D88B64D00BC3308;
			productRefGroup = F2350DFC1D88B64D00BC3308 /* Products */;
			projectDirPath = "";
			projectReferences = (
				{
					ProductGroup = F23B85EA1D9323C60059439A /* Products */;
					ProjectRef = F23B85E91D9323C60059439A /* ObjectiveDropboxOfficial.xcodeproj */;
				},
			);
			projectRoot = "";
			targets = (
				F2350DFA1D88B64D00BC3308 /* DBRoulette */,
			);
		};
/* End PBXProject section */

/* Begin PBXReferenceProxy section */
		F23B85EF1D9323C60059439A /* ObjectiveDropboxOfficial.framework */ = {
			isa = PBXReferenceProxy;
			fileType = wrapper.framework;
			path = ObjectiveDropboxOfficial.framework;
			remoteRef = F23B85EE1D9323C60059439A /* PBXContainerItemProxy */;
			sourceTree = BUILT_PRODUCTS_DIR;
		};
		F23B85F11D9323C60059439A /* ObjectiveDropboxOfficial.framework */ = {
			isa = PBXReferenceProxy;
			fileType = wrapper.framework;
			path = ObjectiveDropboxOfficial.framework;
			remoteRef = F23B85F01D9323C60059439A /* PBXContainerItemProxy */;
			sourceTree = BUILT_PRODUCTS_DIR;
		};
/* End PBXReferenceProxy section */

/* Begin PBXResourcesBuildPhase section */
		F2350DF91D88B64D00BC3308 /* Resources */ = {
			isa = PBXResourcesBuildPhase;
			buildActionMask = 2147483647;
			files = (
				F2350E0E1D88B64E00BC3308 /* LaunchScreen.storyboard in Resources */,
				F2350E0B1D88B64E00BC3308 /* Assets.xcassets in Resources */,
				F2350E091D88B64D00BC3308 /* Main.storyboard in Resources */,
			);
			runOnlyForDeploymentPostprocessing = 0;
		};
/* End PBXResourcesBuildPhase section */

/* Begin PBXShellScriptBuildPhase section */
		F23B85F31D9323E30059439A /* ShellScript */ = {
			isa = PBXShellScriptBuildPhase;
			buildActionMask = 2147483647;
			files = (
			);
			inputPaths = (
			);
			outputPaths = (
			);
			runOnlyForDeploymentPostprocessing = 0;
			shellPath = /bin/sh;
			shellScript = "";
		};
/* End PBXShellScriptBuildPhase section */

/* Begin PBXSourcesBuildPhase section */
		F2350DF71D88B64D00BC3308 /* Sources */ = {
			isa = PBXSourcesBuildPhase;
			buildActionMask = 2147483647;
			files = (
				F2350E061D88B64D00BC3308 /* ViewController.m in Sources */,
				F2350E251D88B70A00BC3308 /* PhotoViewController.m in Sources */,
				F2350E031D88B64D00BC3308 /* AppDelegate.m in Sources */,
				F2350E001D88B64D00BC3308 /* main.m in Sources */,
			);
			runOnlyForDeploymentPostprocessing = 0;
		};
/* End PBXSourcesBuildPhase section */

/* Begin PBXVariantGroup section */
		F2350E071D88B64D00BC3308 /* Main.storyboard */ = {
			isa = PBXVariantGroup;
			children = (
				F2350E081D88B64D00BC3308 /* Base */,
			);
			name = Main.storyboard;
			sourceTree = "<group>";
		};
		F2350E0C1D88B64E00BC3308 /* LaunchScreen.storyboard */ = {
			isa = PBXVariantGroup;
			children = (
				F2350E0D1D88B64E00BC3308 /* Base */,
			);
			name = LaunchScreen.storyboard;
			sourceTree = "<group>";
		};
/* End PBXVariantGroup section */

/* Begin XCBuildConfiguration section */
		F2350E101D88B64E00BC3308 /* Debug */ = {
			isa = XCBuildConfiguration;
			buildSettings = {
				ALWAYS_SEARCH_USER_PATHS = NO;
				CLANG_ANALYZER_NONNULL = YES;
				CLANG_CXX_LANGUAGE_STANDARD = "gnu++0x";
				CLANG_CXX_LIBRARY = "libc++";
				CLANG_ENABLE_MODULES = YES;
				CLANG_ENABLE_OBJC_ARC = YES;
				CLANG_WARN_BOOL_CONVERSION = YES;
				CLANG_WARN_CONSTANT_CONVERSION = YES;
				CLANG_WARN_DIRECT_OBJC_ISA_USAGE = YES_ERROR;
				CLANG_WARN_EMPTY_BODY = YES;
				CLANG_WARN_ENUM_CONVERSION = YES;
				CLANG_WARN_INFINITE_RECURSION = YES;
				CLANG_WARN_INT_CONVERSION = YES;
				CLANG_WARN_OBJC_ROOT_CLASS = YES_ERROR;
				CLANG_WARN_SUSPICIOUS_MOVE = YES;
				CLANG_WARN_UNREACHABLE_CODE = YES;
				CLANG_WARN__DUPLICATE_METHOD_MATCH = YES;
				"CODE_SIGN_IDENTITY[sdk=iphoneos*]" = "iPhone Developer";
				COPY_PHASE_STRIP = NO;
				DEBUG_INFORMATION_FORMAT = dwarf;
				ENABLE_STRICT_OBJC_MSGSEND = YES;
				ENABLE_TESTABILITY = YES;
				GCC_C_LANGUAGE_STANDARD = gnu99;
				GCC_DYNAMIC_NO_PIC = NO;
				GCC_NO_COMMON_BLOCKS = YES;
				GCC_OPTIMIZATION_LEVEL = 0;
				GCC_PREPROCESSOR_DEFINITIONS = (
					"DEBUG=1",
					"$(inherited)",
				);
				GCC_WARN_64_TO_32_BIT_CONVERSION = YES;
				GCC_WARN_ABOUT_RETURN_TYPE = YES_ERROR;
				GCC_WARN_UNDECLARED_SELECTOR = YES;
				GCC_WARN_UNINITIALIZED_AUTOS = YES_AGGRESSIVE;
				GCC_WARN_UNUSED_FUNCTION = YES;
				GCC_WARN_UNUSED_VARIABLE = YES;
				IPHONEOS_DEPLOYMENT_TARGET = 9.3;
				MTL_ENABLE_DEBUG_INFO = YES;
				ONLY_ACTIVE_ARCH = YES;
				SDKROOT = iphoneos;
				TARGETED_DEVICE_FAMILY = "1,2";
			};
			name = Debug;
		};
		F2350E111D88B64E00BC3308 /* Release */ = {
			isa = XCBuildConfiguration;
			buildSettings = {
				ALWAYS_SEARCH_USER_PATHS = NO;
				CLANG_ANALYZER_NONNULL = YES;
				CLANG_CXX_LANGUAGE_STANDARD = "gnu++0x";
				CLANG_CXX_LIBRARY = "libc++";
				CLANG_ENABLE_MODULES = YES;
				CLANG_ENABLE_OBJC_ARC = YES;
				CLANG_WARN_BOOL_CONVERSION = YES;
				CLANG_WARN_CONSTANT_CONVERSION = YES;
				CLANG_WARN_DIRECT_OBJC_ISA_USAGE = YES_ERROR;
				CLANG_WARN_EMPTY_BODY = YES;
				CLANG_WARN_ENUM_CONVERSION = YES;
				CLANG_WARN_INFINITE_RECURSION = YES;
				CLANG_WARN_INT_CONVERSION = YES;
				CLANG_WARN_OBJC_ROOT_CLASS = YES_ERROR;
				CLANG_WARN_SUSPICIOUS_MOVE = YES;
				CLANG_WARN_UNREACHABLE_CODE = YES;
				CLANG_WARN__DUPLICATE_METHOD_MATCH = YES;
				"CODE_SIGN_IDENTITY[sdk=iphoneos*]" = "iPhone Developer";
				COPY_PHASE_STRIP = NO;
				DEBUG_INFORMATION_FORMAT = "dwarf-with-dsym";
				ENABLE_NS_ASSERTIONS = NO;
				ENABLE_STRICT_OBJC_MSGSEND = YES;
				GCC_C_LANGUAGE_STANDARD = gnu99;
				GCC_NO_COMMON_BLOCKS = YES;
				GCC_WARN_64_TO_32_BIT_CONVERSION = YES;
				GCC_WARN_ABOUT_RETURN_TYPE = YES_ERROR;
				GCC_WARN_UNDECLARED_SELECTOR = YES;
				GCC_WARN_UNINITIALIZED_AUTOS = YES_AGGRESSIVE;
				GCC_WARN_UNUSED_FUNCTION = YES;
				GCC_WARN_UNUSED_VARIABLE = YES;
				IPHONEOS_DEPLOYMENT_TARGET = 9.3;
				MTL_ENABLE_DEBUG_INFO = NO;
				SDKROOT = iphoneos;
				TARGETED_DEVICE_FAMILY = "1,2";
				VALIDATE_PRODUCT = YES;
			};
			name = Release;
		};
		F2350E131D88B64E00BC3308 /* Debug */ = {
			isa = XCBuildConfiguration;
			buildSettings = {
				ASSETCATALOG_COMPILER_APPICON_NAME = AppIcon;
				INFOPLIST_FILE = DBRoulette/Info.plist;
				LD_RUNPATH_SEARCH_PATHS = "$(inherited) @executable_path/Frameworks";
				PRODUCT_BUNDLE_IDENTIFIER = com.dropbox.DBRoulette;
				PRODUCT_NAME = "$(TARGET_NAME)";
			};
			name = Debug;
		};
		F2350E141D88B64E00BC3308 /* Release */ = {
			isa = XCBuildConfiguration;
			buildSettings = {
				ASSETCATALOG_COMPILER_APPICON_NAME = AppIcon;
				INFOPLIST_FILE = DBRoulette/Info.plist;
				LD_RUNPATH_SEARCH_PATHS = "$(inherited) @executable_path/Frameworks";
				PRODUCT_BUNDLE_IDENTIFIER = com.dropbox.DBRoulette;
				PRODUCT_NAME = "$(TARGET_NAME)";
			};
			name = Release;
		};
/* End XCBuildConfiguration section */

/* Begin XCConfigurationList section */
		F2350DF61D88B64D00BC3308 /* Build configuration list for PBXProject "DBRoulette" */ = {
			isa = XCConfigurationList;
			buildConfigurations = (
				F2350E101D88B64E00BC3308 /* Debug */,
				F2350E111D88B64E00BC3308 /* Release */,
			);
			defaultConfigurationIsVisible = 0;
			defaultConfigurationName = Release;
		};
		F2350E121D88B64E00BC3308 /* Build configuration list for PBXNativeTarget "DBRoulette" */ = {
			isa = XCConfigurationList;
			buildConfigurations = (
				F2350E131D88B64E00BC3308 /* Debug */,
				F2350E141D88B64E00BC3308 /* Release */,
			);
			defaultConfigurationIsVisible = 0;
			defaultConfigurationName = Release;
		};
/* End XCConfigurationList section */
	};
	rootObject = F2350DF31D88B64D00BC3308 /* Project object */;
}
