// !$*UTF8*$!
{
	archiveVersion = 1;
	classes = {
	};
	objectVersion = 46;
	objects = {

/* Begin PBXBuildFile section */
		45EE50796CE161C5534165B8 /* libPods-TestObjectiveDropbox_macOS.a in Frameworks */ = {isa = PBXBuildFile; fileRef = CCC73B988F5DAF339E374EBD /* libPods-TestObjectiveDropbox_macOS.a */; };
		F24A98A01D80E2540003718F /* AppDelegate.m in Sources */ = {isa = PBXBuildFile; fileRef = F24A98971D80E2540003718F /* AppDelegate.m */; };
		F24A98A31D80E2540003718F /* TestClasses.m in Sources */ = {isa = PBXBuildFile; fileRef = F24A989B1D80E2540003718F /* TestClasses.m */; };
		F24A98A41D80E2540003718F /* TestData.m in Sources */ = {isa = PBXBuildFile; fileRef = F24A989D1D80E2540003718F /* TestData.m */; };
		F24A98A51D80E2540003718F /* ViewController.m in Sources */ = {isa = PBXBuildFile; fileRef = F24A989F1D80E2540003718F /* ViewController.m */; };
		F24A98A71D80E2750003718F /* Assets.xcassets in Resources */ = {isa = PBXBuildFile; fileRef = F24A98A61D80E2750003718F /* Assets.xcassets */; };
		F29B23021D80F01800BEAE62 /* main.m in Sources */ = {isa = PBXBuildFile; fileRef = F27BA82E1D63BBC100FB7864 /* main.m */; };
		F29B230B1D80F37100BEAE62 /* Main.storyboard in Resources */ = {isa = PBXBuildFile; fileRef = F29B23091D80F37100BEAE62 /* Main.storyboard */; };
/* End PBXBuildFile section */

/* Begin PBXFileReference section */
		2F1E49EF34EB8EAA43158ECB /* Pods-TestObjectiveDropbox_macOS.debug.xcconfig */ = {isa = PBXFileReference; includeInIndex = 1; lastKnownFileType = text.xcconfig; name = "Pods-TestObjectiveDropbox_macOS.debug.xcconfig"; path = "Pods/Target Support Files/Pods-TestObjectiveDropbox_macOS/Pods-TestObjectiveDropbox_macOS.debug.xcconfig"; sourceTree = "<group>"; };
		ABF1E1505E6CEFE7D388598E /* Pods-TestObjectiveDropbox_macOS.release.xcconfig */ = {isa = PBXFileReference; includeInIndex = 1; lastKnownFileType = text.xcconfig; name = "Pods-TestObjectiveDropbox_macOS.release.xcconfig"; path = "Pods/Target Support Files/Pods-TestObjectiveDropbox_macOS/Pods-TestObjectiveDropbox_macOS.release.xcconfig"; sourceTree = "<group>"; };
		CCC73B988F5DAF339E374EBD /* libPods-TestObjectiveDropbox_macOS.a */ = {isa = PBXFileReference; explicitFileType = archive.ar; includeInIndex = 0; path = "libPods-TestObjectiveDropbox_macOS.a"; sourceTree = BUILT_PRODUCTS_DIR; };
		F24A98961D80E2540003718F /* AppDelegate.h */ = {isa = PBXFileReference; fileEncoding = 4; lastKnownFileType = sourcecode.c.h; name = AppDelegate.h; path = TestObjectiveDropbox_macOS/AppDelegate.h; sourceTree = SOURCE_ROOT; };
		F24A98971D80E2540003718F /* AppDelegate.m */ = {isa = PBXFileReference; fileEncoding = 4; lastKnownFileType = sourcecode.c.objc; name = AppDelegate.m; path = TestObjectiveDropbox_macOS/AppDelegate.m; sourceTree = SOURCE_ROOT; };
		F24A98981D80E2540003718F /* Info.plist */ = {isa = PBXFileReference; fileEncoding = 4; lastKnownFileType = text.plist.xml; name = Info.plist; path = TestObjectiveDropbox_macOS/Info.plist; sourceTree = SOURCE_ROOT; };
		F24A989A1D80E2540003718F /* TestClasses.h */ = {isa = PBXFileReference; fileEncoding = 4; lastKnownFileType = sourcecode.c.h; name = TestClasses.h; path = TestObjectiveDropbox_macOS/TestClasses.h; sourceTree = SOURCE_ROOT; };
		F24A989B1D80E2540003718F /* TestClasses.m */ = {isa = PBXFileReference; fileEncoding = 4; lastKnownFileType = sourcecode.c.objc; name = TestClasses.m; path = TestObjectiveDropbox_macOS/TestClasses.m; sourceTree = SOURCE_ROOT; };
		F24A989C1D80E2540003718F /* TestData.h */ = {isa = PBXFileReference; fileEncoding = 4; lastKnownFileType = sourcecode.c.h; name = TestData.h; path = TestObjectiveDropbox_macOS/TestData.h; sourceTree = SOURCE_ROOT; };
		F24A989D1D80E2540003718F /* TestData.m */ = {isa = PBXFileReference; fileEncoding = 4; lastKnownFileType = sourcecode.c.objc; name = TestData.m; path = TestObjectiveDropbox_macOS/TestData.m; sourceTree = SOURCE_ROOT; };
		F24A989E1D80E2540003718F /* ViewController.h */ = {isa = PBXFileReference; fileEncoding = 4; lastKnownFileType = sourcecode.c.h; name = ViewController.h; path = TestObjectiveDropbox_macOS/ViewController.h; sourceTree = SOURCE_ROOT; };
		F24A989F1D80E2540003718F /* ViewController.m */ = {isa = PBXFileReference; fileEncoding = 4; lastKnownFileType = sourcecode.c.objc; name = ViewController.m; path = TestObjectiveDropbox_macOS/ViewController.m; sourceTree = SOURCE_ROOT; };
		F24A98A61D80E2750003718F /* Assets.xcassets */ = {isa = PBXFileReference; lastKnownFileType = folder.assetcatalog; name = Assets.xcassets; path = TestObjectiveDropbox_macOS/Assets.xcassets; sourceTree = SOURCE_ROOT; };
		F27BA8271D63BBC100FB7864 /* TestObjectiveDropbox_macOS.app */ = {isa = PBXFileReference; explicitFileType = wrapper.application; includeInIndex = 0; path = TestObjectiveDropbox_macOS.app; sourceTree = BUILT_PRODUCTS_DIR; };
		F27BA82E1D63BBC100FB7864 /* main.m */ = {isa = PBXFileReference; lastKnownFileType = sourcecode.c.objc; path = main.m; sourceTree = "<group>"; };
		F29B230A1D80F37100BEAE62 /* Base */ = {isa = PBXFileReference; lastKnownFileType = file.storyboard; name = Base; path = Base.lproj/Main.storyboard; sourceTree = "<group>"; };
/* End PBXFileReference section */

/* Begin PBXFrameworksBuildPhase section */
		F27BA8241D63BBC100FB7864 /* Frameworks */ = {
			isa = PBXFrameworksBuildPhase;
			buildActionMask = 2147483647;
			files = (
				45EE50796CE161C5534165B8 /* libPods-TestObjectiveDropbox_macOS.a in Frameworks */,
			);
			runOnlyForDeploymentPostprocessing = 0;
		};
/* End PBXFrameworksBuildPhase section */

/* Begin PBXGroup section */
		24A41F354CF1F69ADC37DBEC /* Pods */ = {
			isa = PBXGroup;
			children = (
				2F1E49EF34EB8EAA43158ECB /* Pods-TestObjectiveDropbox_macOS.debug.xcconfig */,
				ABF1E1505E6CEFE7D388598E /* Pods-TestObjectiveDropbox_macOS.release.xcconfig */,
			);
			name = Pods;
			sourceTree = "<group>";
		};
		529FAF2A962F47B638881F91 /* Frameworks */ = {
			isa = PBXGroup;
			children = (
				CCC73B988F5DAF339E374EBD /* libPods-TestObjectiveDropbox_macOS.a */,
			);
			name = Frameworks;
			sourceTree = "<group>";
		};
		F27BA81E1D63BBC100FB7864 = {
			isa = PBXGroup;
			children = (
				F27BA8291D63BBC100FB7864 /* TestObjectiveDropbox_macOS */,
				F27BA8281D63BBC100FB7864 /* Products */,
				24A41F354CF1F69ADC37DBEC /* Pods */,
				529FAF2A962F47B638881F91 /* Frameworks */,
			);
			sourceTree = "<group>";
		};
		F27BA8281D63BBC100FB7864 /* Products */ = {
			isa = PBXGroup;
			children = (
				F27BA8271D63BBC100FB7864 /* TestObjectiveDropbox_macOS.app */,
			);
			name = Products;
			sourceTree = "<group>";
		};
		F27BA8291D63BBC100FB7864 /* TestObjectiveDropbox_macOS */ = {
			isa = PBXGroup;
			children = (
				F24A98961D80E2540003718F /* AppDelegate.h */,
				F24A98971D80E2540003718F /* AppDelegate.m */,
				F24A989E1D80E2540003718F /* ViewController.h */,
				F24A989F1D80E2540003718F /* ViewController.m */,
				F24A989A1D80E2540003718F /* TestClasses.h */,
				F24A989B1D80E2540003718F /* TestClasses.m */,
				F24A989C1D80E2540003718F /* TestData.h */,
				F24A989D1D80E2540003718F /* TestData.m */,
				F29B23091D80F37100BEAE62 /* Main.storyboard */,
				F24A98A61D80E2750003718F /* Assets.xcassets */,
				F24A98981D80E2540003718F /* Info.plist */,
				F27BA82D1D63BBC100FB7864 /* Supporting Files */,
			);
			path = TestObjectiveDropbox_macOS;
			sourceTree = "<group>";
		};
		F27BA82D1D63BBC100FB7864 /* Supporting Files */ = {
			isa = PBXGroup;
			children = (
				F27BA82E1D63BBC100FB7864 /* main.m */,
			);
			name = "Supporting Files";
			sourceTree = "<group>";
		};
/* End PBXGroup section */

/* Begin PBXNativeTarget section */
		F27BA8261D63BBC100FB7864 /* TestObjectiveDropbox_macOS */ = {
			isa = PBXNativeTarget;
			buildConfigurationList = F27BA83B1D63BBC100FB7864 /* Build configuration list for PBXNativeTarget "TestObjectiveDropbox_macOS" */;
			buildPhases = (
				2283587754B5AEB9A150946C /* [CP] Check Pods Manifest.lock */,
				F27BA8231D63BBC100FB7864 /* Sources */,
				F27BA8241D63BBC100FB7864 /* Frameworks */,
				F27BA8251D63BBC100FB7864 /* Resources */,
				F8FFE0379944E6923B020888 /* [CP] Embed Pods Frameworks */,
				BF39614E5750AECB53083E8A /* [CP] Copy Pods Resources */,
			);
			buildRules = (
			);
			dependencies = (
			);
			name = TestObjectiveDropbox_macOS;
			productName = TestObjectiveDropbox_macOS;
			productReference = F27BA8271D63BBC100FB7864 /* TestObjectiveDropbox_macOS.app */;
			productType = "com.apple.product-type.application";
		};
/* End PBXNativeTarget section */

/* Begin PBXProject section */
		F27BA81F1D63BBC100FB7864 /* Project object */ = {
			isa = PBXProject;
			attributes = {
				LastUpgradeCheck = 0800;
				ORGANIZATIONNAME = Dropbox;
				TargetAttributes = {
					F27BA8261D63BBC100FB7864 = {
						CreatedOnToolsVersion = 7.3.1;
					};
				};
			};
			buildConfigurationList = F27BA8221D63BBC100FB7864 /* Build configuration list for PBXProject "TestObjectiveDropbox_macOS" */;
			compatibilityVersion = "Xcode 3.2";
			developmentRegion = English;
			hasScannedForEncodings = 0;
			knownRegions = (
				en,
				Base,
			);
			mainGroup = F27BA81E1D63BBC100FB7864;
			productRefGroup = F27BA8281D63BBC100FB7864 /* Products */;
			projectDirPath = "";
			projectRoot = "";
			targets = (
				F27BA8261D63BBC100FB7864 /* TestObjectiveDropbox_macOS */,
			);
		};
/* End PBXProject section */

/* Begin PBXResourcesBuildPhase section */
		F27BA8251D63BBC100FB7864 /* Resources */ = {
			isa = PBXResourcesBuildPhase;
			buildActionMask = 2147483647;
			files = (
				F24A98A71D80E2750003718F /* Assets.xcassets in Resources */,
				F29B230B1D80F37100BEAE62 /* Main.storyboard in Resources */,
			);
			runOnlyForDeploymentPostprocessing = 0;
		};
/* End PBXResourcesBuildPhase section */

/* Begin PBXShellScriptBuildPhase section */
		2283587754B5AEB9A150946C /* [CP] Check Pods Manifest.lock */ = {
			isa = PBXShellScriptBuildPhase;
			buildActionMask = 2147483647;
			files = (
			);
			inputPaths = (
			);
			name = "[CP] Check Pods Manifest.lock";
			outputPaths = (
			);
			runOnlyForDeploymentPostprocessing = 0;
			shellPath = /bin/sh;
			shellScript = "diff \"${PODS_ROOT}/../Podfile.lock\" \"${PODS_ROOT}/Manifest.lock\" > /dev/null\nif [ $? != 0 ] ; then\n    # print error to STDERR\n    echo \"error: The sandbox is not in sync with the Podfile.lock. Run 'pod install' or update your CocoaPods installation.\" >&2\n    exit 1\nfi\n";
			showEnvVarsInLog = 0;
		};
		BF39614E5750AECB53083E8A /* [CP] Copy Pods Resources */ = {
			isa = PBXShellScriptBuildPhase;
			buildActionMask = 2147483647;
			files = (
			);
			inputPaths = (
			);
			name = "[CP] Copy Pods Resources";
			outputPaths = (
			);
			runOnlyForDeploymentPostprocessing = 0;
			shellPath = /bin/sh;
			shellScript = "\"${SRCROOT}/Pods/Target Support Files/Pods-TestObjectiveDropbox_macOS/Pods-TestObjectiveDropbox_macOS-resources.sh\"\n";
			showEnvVarsInLog = 0;
		};
		F8FFE0379944E6923B020888 /* [CP] Embed Pods Frameworks */ = {
			isa = PBXShellScriptBuildPhase;
			buildActionMask = 2147483647;
			files = (
			);
			inputPaths = (
			);
			name = "[CP] Embed Pods Frameworks";
			outputPaths = (
			);
			runOnlyForDeploymentPostprocessing = 0;
			shellPath = /bin/sh;
			shellScript = "\"${SRCROOT}/Pods/Target Support Files/Pods-TestObjectiveDropbox_macOS/Pods-TestObjectiveDropbox_macOS-frameworks.sh\"\n";
			showEnvVarsInLog = 0;
		};
/* End PBXShellScriptBuildPhase section */

/* Begin PBXSourcesBuildPhase section */
		F27BA8231D63BBC100FB7864 /* Sources */ = {
			isa = PBXSourcesBuildPhase;
			buildActionMask = 2147483647;
			files = (
				F29B23021D80F01800BEAE62 /* main.m in Sources */,
				F24A98A41D80E2540003718F /* TestData.m in Sources */,
				F24A98A01D80E2540003718F /* AppDelegate.m in Sources */,
				F24A98A51D80E2540003718F /* ViewController.m in Sources */,
				F24A98A31D80E2540003718F /* TestClasses.m in Sources */,
			);
			runOnlyForDeploymentPostprocessing = 0;
		};
/* End PBXSourcesBuildPhase section */

/* Begin PBXVariantGroup section */
		F29B23091D80F37100BEAE62 /* Main.storyboard */ = {
			isa = PBXVariantGroup;
			children = (
				F29B230A1D80F37100BEAE62 /* Base */,
			);
			name = Main.storyboard;
			sourceTree = "<group>";
		};
/* End PBXVariantGroup section */

/* Begin XCBuildConfiguration section */
		F27BA8391D63BBC100FB7864 /* Debug */ = {
			isa = XCBuildConfiguration;
			buildSettings = {
				ALWAYS_SEARCH_USER_PATHS = NO;
				CLANG_ANALYZER_NONNULL = YES;
				CLANG_CXX_LANGUAGE_STANDARD = "gnu++0x";
				CLANG_CXX_LIBRARY = "libc++";
				CLANG_ENABLE_MODULES = YES;
				CLANG_ENABLE_OBJC_ARC = YES;
				CLANG_WARN_BOOL_CONVERSION = YES;
				CLANG_WARN_CONSTANT_CONVERSION = YES;
				CLANG_WARN_DIRECT_OBJC_ISA_USAGE = YES_ERROR;
				CLANG_WARN_EMPTY_BODY = YES;
				CLANG_WARN_ENUM_CONVERSION = YES;
				CLANG_WARN_INFINITE_RECURSION = YES;
				CLANG_WARN_INT_CONVERSION = YES;
				CLANG_WARN_OBJC_ROOT_CLASS = YES_ERROR;
				CLANG_WARN_SUSPICIOUS_MOVE = YES;
				CLANG_WARN_UNREACHABLE_CODE = YES;
				CLANG_WARN__DUPLICATE_METHOD_MATCH = YES;
				CODE_SIGN_IDENTITY = "-";
				COPY_PHASE_STRIP = NO;
				DEBUG_INFORMATION_FORMAT = dwarf;
				ENABLE_STRICT_OBJC_MSGSEND = YES;
				ENABLE_TESTABILITY = YES;
				GCC_C_LANGUAGE_STANDARD = gnu99;
				GCC_DYNAMIC_NO_PIC = NO;
				GCC_NO_COMMON_BLOCKS = YES;
				GCC_OPTIMIZATION_LEVEL = 0;
				GCC_PREPROCESSOR_DEFINITIONS = (
					"DEBUG=1",
					"$(inherited)",
				);
				GCC_WARN_64_TO_32_BIT_CONVERSION = YES;
				GCC_WARN_ABOUT_RETURN_TYPE = YES_ERROR;
				GCC_WARN_UNDECLARED_SELECTOR = YES;
				GCC_WARN_UNINITIALIZED_AUTOS = YES_AGGRESSIVE;
				GCC_WARN_UNUSED_FUNCTION = YES;
				GCC_WARN_UNUSED_VARIABLE = YES;
				MACOSX_DEPLOYMENT_TARGET = 10.10;
				MTL_ENABLE_DEBUG_INFO = YES;
				ONLY_ACTIVE_ARCH = YES;
				SDKROOT = macosx;
			};
			name = Debug;
		};
		F27BA83A1D63BBC100FB7864 /* Release */ = {
			isa = XCBuildConfiguration;
			buildSettings = {
				ALWAYS_SEARCH_USER_PATHS = NO;
				CLANG_ANALYZER_NONNULL = YES;
				CLANG_CXX_LANGUAGE_STANDARD = "gnu++0x";
				CLANG_CXX_LIBRARY = "libc++";
				CLANG_ENABLE_MODULES = YES;
				CLANG_ENABLE_OBJC_ARC = YES;
				CLANG_WARN_BOOL_CONVERSION = YES;
				CLANG_WARN_CONSTANT_CONVERSION = YES;
				CLANG_WARN_DIRECT_OBJC_ISA_USAGE = YES_ERROR;
				CLANG_WARN_EMPTY_BODY = YES;
				CLANG_WARN_ENUM_CONVERSION = YES;
				CLANG_WARN_INFINITE_RECURSION = YES;
				CLANG_WARN_INT_CONVERSION = YES;
				CLANG_WARN_OBJC_ROOT_CLASS = YES_ERROR;
				CLANG_WARN_SUSPICIOUS_MOVE = YES;
				CLANG_WARN_UNREACHABLE_CODE = YES;
				CLANG_WARN__DUPLICATE_METHOD_MATCH = YES;
				CODE_SIGN_IDENTITY = "-";
				COPY_PHASE_STRIP = NO;
				DEBUG_INFORMATION_FORMAT = "dwarf-with-dsym";
				ENABLE_NS_ASSERTIONS = NO;
				ENABLE_STRICT_OBJC_MSGSEND = YES;
				GCC_C_LANGUAGE_STANDARD = gnu99;
				GCC_NO_COMMON_BLOCKS = YES;
				GCC_WARN_64_TO_32_BIT_CONVERSION = YES;
				GCC_WARN_ABOUT_RETURN_TYPE = YES_ERROR;
				GCC_WARN_UNDECLARED_SELECTOR = YES;
				GCC_WARN_UNINITIALIZED_AUTOS = YES_AGGRESSIVE;
				GCC_WARN_UNUSED_FUNCTION = YES;
				GCC_WARN_UNUSED_VARIABLE = YES;
				MACOSX_DEPLOYMENT_TARGET = 10.10;
				MTL_ENABLE_DEBUG_INFO = NO;
				SDKROOT = macosx;
			};
			name = Release;
		};
		F27BA83C1D63BBC100FB7864 /* Debug */ = {
			isa = XCBuildConfiguration;
			baseConfigurationReference = 2F1E49EF34EB8EAA43158ECB /* Pods-TestObjectiveDropbox_macOS.debug.xcconfig */;
			buildSettings = {
				ASSETCATALOG_COMPILER_APPICON_NAME = AppIcon;
				COMBINE_HIDPI_IMAGES = YES;
				INFOPLIST_FILE = TestObjectiveDropbox_macOS/Info.plist;
				LD_RUNPATH_SEARCH_PATHS = "$(inherited) @executable_path/../Frameworks";
				MACOSX_DEPLOYMENT_TARGET = 10.10;
				PRODUCT_BUNDLE_IDENTIFIER = "com.dropbox.TestObjectiveDropbox-macOS";
				PRODUCT_NAME = TestObjectiveDropbox_macOS;
			};
			name = Debug;
		};
		F27BA83D1D63BBC100FB7864 /* Release */ = {
			isa = XCBuildConfiguration;
			baseConfigurationReference = ABF1E1505E6CEFE7D388598E /* Pods-TestObjectiveDropbox_macOS.release.xcconfig */;
			buildSettings = {
				ASSETCATALOG_COMPILER_APPICON_NAME = AppIcon;
				COMBINE_HIDPI_IMAGES = YES;
				INFOPLIST_FILE = TestObjectiveDropbox_macOS/Info.plist;
				LD_RUNPATH_SEARCH_PATHS = "$(inherited) @executable_path/../Frameworks";
				MACOSX_DEPLOYMENT_TARGET = 10.10;
				PRODUCT_BUNDLE_IDENTIFIER = "com.dropbox.TestObjectiveDropbox-macOS";
				PRODUCT_NAME = TestObjectiveDropbox_macOS;
			};
			name = Release;
		};
/* End XCBuildConfiguration section */

/* Begin XCConfigurationList section */
		F27BA8221D63BBC100FB7864 /* Build configuration list for PBXProject "TestObjectiveDropbox_macOS" */ = {
			isa = XCConfigurationList;
			buildConfigurations = (
				F27BA8391D63BBC100FB7864 /* Debug */,
				F27BA83A1D63BBC100FB7864 /* Release */,
			);
			defaultConfigurationIsVisible = 0;
			defaultConfigurationName = Release;
		};
		F27BA83B1D63BBC100FB7864 /* Build configuration list for PBXNativeTarget "TestObjectiveDropbox_macOS" */ = {
			isa = XCConfigurationList;
			buildConfigurations = (
				F27BA83C1D63BBC100FB7864 /* Debug */,
				F27BA83D1D63BBC100FB7864 /* Release */,
			);
			defaultConfigurationIsVisible = 0;
			defaultConfigurationName = Release;
		};
/* End XCConfigurationList section */
	};
	rootObject = F27BA81F1D63BBC100FB7864 /* Project object */;
}
