PODS:
  - ObjectiveDropboxOfficial (1.0.3)

DEPENDENCIES:
  - ObjectiveDropboxOfficial (from `../`)

EXTERNAL SOURCES:
  ObjectiveDropboxOfficial:
    :path: "../"

SPEC CHECKSUMS:
  ObjectiveDropboxOfficial: 8c5ed2dc067b15d1f07d8ddfd2343ce3a272d0f7

PODFILE CHECKSUM: 979c1657a9c513a1dd22e1e839c45540fba747e4

COCOAPODS: 1.0.1
