PODS:
  - ObjectiveDropboxOfficial (1.0.9)

DEPENDENCIES:
  - ObjectiveDropboxOfficial (from `../`)

EXTERNAL SOURCES:
  ObjectiveDropboxOfficial:
    :path: "../"

SPEC CHECKSUMS:
  ObjectiveDropboxOfficial: fdf795afb847ca8347334c04f5410ca387920add

PODFILE CHECKSUM: 979c1657a9c513a1dd22e1e839c45540fba747e4

COCOAPODS: 1.1.0.rc.2
