PODS:
  - ObjectiveDropboxOfficial (1.1.3)

DEPENDENCIES:
  - ObjectiveDropboxOfficial (from `../`)

EXTERNAL SOURCES:
  ObjectiveDropboxOfficial:
    :path: "../"

SPEC CHECKSUMS:
  ObjectiveDropboxOfficial: 97eb06617aad4407a64c9fee5e1d50aa65ca86c9

PODFILE CHECKSUM: 979c1657a9c513a1dd22e1e839c45540fba747e4

COCOAPODS: 1.1.0.rc.2
