PODS:
  - ObjectiveDropboxOfficial (3.0.17)

DEPENDENCIES:
  - ObjectiveDropboxOfficial (from `../`)

EXTERNAL SOURCES:
  ObjectiveDropboxOfficial:
    :path: "../"

SPEC CHECKSUMS:
  ObjectiveDropboxOfficial: 8e3c5b5ff52b7946743ed81d8db3e4df539c5bca

PODFILE CHECKSUM: ab0212b4bace4758ed2e1292c4087eec901dc0dc

COCOAPODS: 1.2.0.beta.1
