PODS:
  - ObjectiveDropboxOfficial (5.0.5)

DEPENDENCIES:
  - ObjectiveDropboxOfficial (from `../`)

EXTERNAL SOURCES:
  ObjectiveDropboxOfficial:
    :path: "../"

SPEC CHECKSUMS:
  ObjectiveDropboxOfficial: 9ba0f4a3a9fdc914c2e660d759957328dd6cd744

PODFILE CHECKSUM: 164683ff41a9f14efaeec568b26b59294bd5eb6d

COCOAPODS: 1.8.3
