PODS:
  - ObjectiveDropboxOfficial (5.0.3)

DEPENDENCIES:
  - ObjectiveDropboxOfficial (from `../`)

EXTERNAL SOURCES:
  ObjectiveDropboxOfficial:
    :path: "../"

SPEC CHECKSUMS:
  ObjectiveDropboxOfficial: 4c9e5cfc3c5cb3ba73eed5fa659d1b3885f318d3

PODFILE CHECKSUM: ab0212b4bace4758ed2e1292c4087eec901dc0dc

COCOAPODS: 1.9.1
